// !$*UTF8*$!
{
	archiveVersion = 1;
	classes = {
	};
	objectVersion = 77;
	objects = {

/* Begin PBXBuildFile section */
		E323AAFA2D04EAE700E5E726 /* Auth in Frameworks */ = {isa = PBXBuildFile; productRef = E323AAF92D04EAE700E5E726 /* Auth */; };
		E323AAFC2D04EAE700E5E726 /* Functions in Frameworks */ = {isa = PBXBuildFile; productRef = E323AAFB2D04EAE700E5E726 /* Functions */; };
		E323AAFE2D04EAE700E5E726 /* PostgREST in Frameworks */ = {isa = PBXBuildFile; productRef = E323AAFD2D04EAE700E5E726 /* PostgREST */; };
		E323AB002D04EAE700E5E726 /* Realtime in Frameworks */ = {isa = PBXBuildFile; productRef = E323AAFF2D04EAE700E5E726 /* Realtime */; };
		E323AB022D04EAE700E5E726 /* Storage in Frameworks */ = {isa = PBXBuildFile; productRef = E323AB012D04EAE700E5E726 /* Storage */; };
		E323AB042D04EAE700E5E726 /* Supabase in Frameworks */ = {isa = PBXBuildFile; productRef = E323AB032D04EAE700E5E726 /* Supabase */; };
		E323AB062D04EB0200E5E726 /* Auth in Frameworks */ = {isa = PBXBuildFile; productRef = E323AB052D04EB0200E5E726 /* Auth */; };
		E323AB082D04EB0200E5E726 /* Functions in Frameworks */ = {isa = PBXBuildFile; productRef = E323AB072D04EB0200E5E726 /* Functions */; };
		E323AB0A2D04EB0200E5E726 /* PostgREST in Frameworks */ = {isa = PBXBuildFile; productRef = E323AB092D04EB0200E5E726 /* PostgREST */; };
		E323AB0C2D04EB0200E5E726 /* Realtime in Frameworks */ = {isa = PBXBuildFile; productRef = E323AB0B2D04EB0200E5E726 /* Realtime */; };
		E323AB0E2D04EB0200E5E726 /* Storage in Frameworks */ = {isa = PBXBuildFile; productRef = E323AB0D2D04EB0200E5E726 /* Storage */; };
		E323AB102D04EB0200E5E726 /* Supabase in Frameworks */ = {isa = PBXBuildFile; productRef = E323AB0F2D04EB0200E5E726 /* Supabase */; };
		E323AB122D04EB0E00E5E726 /* Auth in Frameworks */ = {isa = PBXBuildFile; productRef = E323AB112D04EB0E00E5E726 /* Auth */; };
		E323AB142D04EB0E00E5E726 /* Functions in Frameworks */ = {isa = PBXBuildFile; productRef = E323AB132D04EB0E00E5E726 /* Functions */; };
		E323AB162D04EB0E00E5E726 /* PostgREST in Frameworks */ = {isa = PBXBuildFile; productRef = E323AB152D04EB0E00E5E726 /* PostgREST */; };
		E323AB182D04EB0E00E5E726 /* Realtime in Frameworks */ = {isa = PBXBuildFile; productRef = E323AB172D04EB0E00E5E726 /* Realtime */; };
		E323AB1A2D04EB0E00E5E726 /* Storage in Frameworks */ = {isa = PBXBuildFile; productRef = E323AB192D04EB0E00E5E726 /* Storage */; };
		E323AB1C2D04EB0E00E5E726 /* Supabase in Frameworks */ = {isa = PBXBuildFile; productRef = E323AB1B2D04EB0E00E5E726 /* Supabase */; };
		E35634CC2D063D6600346031 /* GoogleSignIn in Frameworks */ = {isa = PBXBuildFile; productRef = E35634CB2D063D6600346031 /* GoogleSignIn */; };
		E35634CE2D063D6600346031 /* GoogleSignInSwift in Frameworks */ = {isa = PBXBuildFile; productRef = E35634CD2D063D6600346031 /* GoogleSignInSwift */; };
		E3959E412DCD8B3E00875D66 /* form-factor.xctestplan in Resources */ = {isa = PBXBuildFile; fileRef = E3C044F52D0644CA007A83A4 /* form-factor.xctestplan */; };
		E3A980312DCDD5FC00119756 /* GoogleSignIn in Frameworks */ = {isa = PBXBuildFile; productRef = E3A980302DCDD5FC00119756 /* GoogleSignIn */; };
		E3A980332DCDD5FC00119756 /* GoogleSignInSwift in Frameworks */ = {isa = PBXBuildFile; productRef = E3A980322DCDD5FC00119756 /* GoogleSignInSwift */; };
		E3A980352DCDD8AE00119756 /* XCTest.framework in Frameworks */ = {isa = PBXBuildFile; fileRef = E3A980342DCDD8AE00119756 /* XCTest.framework */; platformFilter = ios; };
/* End PBXBuildFile section */

/* Begin PBXContainerItemProxy section */
		E323AAD82D02CE7B00E5E726 /* PBXContainerItemProxy */ = {
			isa = PBXContainerItemProxy;
			containerPortal = E323AABF2D02CE7900E5E726 /* Project object */;
			proxyType = 1;
			remoteGlobalIDString = E323AAC62D02CE7900E5E726;
			remoteInfo = "form-factor";
		};
		E323AAE22D02CE7B00E5E726 /* PBXContainerItemProxy */ = {
			isa = PBXContainerItemProxy;
			containerPortal = E323AABF2D02CE7900E5E726 /* Project object */;
			proxyType = 1;
			remoteGlobalIDString = E323AAC62D02CE7900E5E726;
			remoteInfo = "form-factor";
		};
/* End PBXContainerItemProxy section */

/* Begin PBXFileReference section */
		E323AAC72D02CE7900E5E726 /* form-factor.app */ = {isa = PBXFileReference; explicitFileType = wrapper.application; includeInIndex = 0; path = "form-factor.app"; sourceTree = BUILT_PRODUCTS_DIR; };
		E323AAD72D02CE7B00E5E726 /* form-factorTests.xctest */ = {isa = PBXFileReference; explicitFileType = wrapper.cfbundle; includeInIndex = 0; path = "form-factorTests.xctest"; sourceTree = BUILT_PRODUCTS_DIR; };
		E323AAE12D02CE7B00E5E726 /* form-factorUITests.xctest */ = {isa = PBXFileReference; explicitFileType = wrapper.cfbundle; includeInIndex = 0; path = "form-factorUITests.xctest"; sourceTree = BUILT_PRODUCTS_DIR; };
		E3A980342DCDD8AE00119756 /* XCTest.framework */ = {isa = PBXFileReference; lastKnownFileType = wrapper.framework; name = XCTest.framework; path = Platforms/iPhoneOS.platform/Developer/Library/Frameworks/XCTest.framework; sourceTree = DEVELOPER_DIR; };
		E3C044F52D0644CA007A83A4 /* form-factor.xctestplan */ = {isa = PBXFileReference; lastKnownFileType = text; path = "form-factor.xctestplan"; sourceTree = "<group>"; };
/* End PBXFileReference section */

/* Begin PBXFileSystemSynchronizedBuildFileExceptionSet section */
		E3A9802A2DCDCCCA00119756 /* Exceptions for "form-factor" folder in "form-factorTests" target */ = {
			isa = PBXFileSystemSynchronizedBuildFileExceptionSet;
			membershipExceptions = (
				"Tests/form-factorTests/ConfigurationTests.swift",
				"Tests/form-factorTests/DashboardViewModelTests.swift",
				"Tests/form-factorTests/form_factorTests.swift",
				"Tests/form-factorTests/SupabaseManagerTests.swift",
			);
			target = E323AAD62D02CE7B00E5E726 /* form-factorTests */;
		};
		E3C044FB2D064721007A83A4 /* Exceptions for "form-factor" folder in "form-factor" target */ = {
			isa = PBXFileSystemSynchronizedBuildFileExceptionSet;
			membershipExceptions = (
				Info.plist,
				"Tests/form-factorTests/ConfigurationTests.swift",
				"Tests/form-factorTests/DashboardViewModelTests.swift",
				"Tests/form-factorTests/form_factorTests.swift",
				"Tests/form-factorTests/SupabaseManagerTests.swift",
				"Tests/form-factorUITests/form_factorUITests.swift",
				"Tests/form-factorUITests/form_factorUITestsLaunchTests.swift",
			);
			target = E323AAC62D02CE7900E5E726 /* form-factor */;
		};
		E3C045022D064724007A83A4 /* Exceptions for "form-factor" folder in "form-factorUITests" target */ = {
			isa = PBXFileSystemSynchronizedBuildFileExceptionSet;
			membershipExceptions = (
				"Tests/form-factorUITests/form_factorUITests.swift",
				"Tests/form-factorUITests/form_factorUITestsLaunchTests.swift",
			);
			target = E323AAE02D02CE7B00E5E726 /* form-factorUITests */;
		};
/* End PBXFileSystemSynchronizedBuildFileExceptionSet section */

/* Begin PBXFileSystemSynchronizedRootGroup section */
		E323AAC92D02CE7900E5E726 /* form-factor */ = {
			isa = PBXFileSystemSynchronizedRootGroup;
			exceptions = (
				E3C044FB2D064721007A83A4 /* Exceptions for "form-factor" folder in "form-factor" target */,
				E3A9802A2DCDCCCA00119756 /* Exceptions for "form-factor" folder in "form-factorTests" target */,
				E3C045022D064724007A83A4 /* Exceptions for "form-factor" folder in "form-factorUITests" target */,
			);
			path = "form-factor";
			sourceTree = "<group>";
		};
/* End PBXFileSystemSynchronizedRootGroup section */

/* Begin PBXFrameworksBuildPhase section */
		E323AAC42D02CE7900E5E726 /* Frameworks */ = {
			isa = PBXFrameworksBuildPhase;
			buildActionMask = 2147483647;
			files = (
				E323AB0A2D04EB0200E5E726 /* PostgREST in Frameworks */,
				E323AB082D04EB0200E5E726 /* Functions in Frameworks */,
				E323AB102D04EB0200E5E726 /* Supabase in Frameworks */,
				E35634CE2D063D6600346031 /* GoogleSignInSwift in Frameworks */,
				E323AB062D04EB0200E5E726 /* Auth in Frameworks */,
				E323AB0E2D04EB0200E5E726 /* Storage in Frameworks */,
				E323AB0C2D04EB0200E5E726 /* Realtime in Frameworks */,
				E35634CC2D063D6600346031 /* GoogleSignIn in Frameworks */,
			);
			runOnlyForDeploymentPostprocessing = 0;
		};
		E323AAD42D02CE7B00E5E726 /* Frameworks */ = {
			isa = PBXFrameworksBuildPhase;
			buildActionMask = 2147483647;
			files = (
				E3A980352DCDD8AE00119756 /* XCTest.framework in Frameworks */,
				E323AAFE2D04EAE700E5E726 /* PostgREST in Frameworks */,
				E323AAFC2D04EAE700E5E726 /* Functions in Frameworks */,
				E323AB042D04EAE700E5E726 /* Supabase in Frameworks */,
				E3A980332DCDD5FC00119756 /* GoogleSignInSwift in Frameworks */,
				E323AAFA2D04EAE700E5E726 /* Auth in Frameworks */,
				E323AB022D04EAE700E5E726 /* Storage in Frameworks */,
				E323AB002D04EAE700E5E726 /* Realtime in Frameworks */,
				E3A980312DCDD5FC00119756 /* GoogleSignIn in Frameworks */,
			);
			runOnlyForDeploymentPostprocessing = 0;
		};
		E323AADE2D02CE7B00E5E726 /* Frameworks */ = {
			isa = PBXFrameworksBuildPhase;
			buildActionMask = 2147483647;
			files = (
				E323AB162D04EB0E00E5E726 /* PostgREST in Frameworks */,
				E323AB142D04EB0E00E5E726 /* Functions in Frameworks */,
				E323AB1C2D04EB0E00E5E726 /* Supabase in Frameworks */,
				E323AB122D04EB0E00E5E726 /* Auth in Frameworks */,
				E323AB1A2D04EB0E00E5E726 /* Storage in Frameworks */,
				E323AB182D04EB0E00E5E726 /* Realtime in Frameworks */,
			);
			runOnlyForDeploymentPostprocessing = 0;
		};
/* End PBXFrameworksBuildPhase section */

/* Begin PBXGroup section */
		E323AABE2D02CE7900E5E726 = {
			isa = PBXGroup;
			children = (
				E3C044F52D0644CA007A83A4 /* form-factor.xctestplan */,
				E323AAC92D02CE7900E5E726 /* form-factor */,
				E323AAF82D04EAE700E5E726 /* Frameworks */,
				E323AAC82D02CE7900E5E726 /* Products */,
			);
			sourceTree = "<group>";
		};
		E323AAC82D02CE7900E5E726 /* Products */ = {
			isa = PBXGroup;
			children = (
				E323AAC72D02CE7900E5E726 /* form-factor.app */,
				E323AAD72D02CE7B00E5E726 /* form-factorTests.xctest */,
				E323AAE12D02CE7B00E5E726 /* form-factorUITests.xctest */,
			);
			name = Products;
			sourceTree = "<group>";
		};
		E323AAF82D04EAE700E5E726 /* Frameworks */ = {
			isa = PBXGroup;
			children = (
				E3A980342DCDD8AE00119756 /* XCTest.framework */,
			);
			name = Frameworks;
			sourceTree = "<group>";
		};
/* End PBXGroup section */

/* Begin PBXNativeTarget section */
		E323AAC62D02CE7900E5E726 /* form-factor */ = {
			isa = PBXNativeTarget;
			buildConfigurationList = E323AAEB2D02CE7B00E5E726 /* Build configuration list for PBXNativeTarget "form-factor" */;
			buildPhases = (
				E3959DFF2DC9E8E600875D66 /* Run Script */,
				E323AAC42D02CE7900E5E726 /* Frameworks */,
				E323AAC52D02CE7900E5E726 /* Resources */,
				E323AAC32D02CE7900E5E726 /* Sources */,
			);
			buildRules = (
			);
			dependencies = (
			);
			fileSystemSynchronizedGroups = (
				E323AAC92D02CE7900E5E726 /* form-factor */,
			);
			name = "form-factor";
			packageProductDependencies = (
				E323AB052D04EB0200E5E726 /* Auth */,
				E323AB072D04EB0200E5E726 /* Functions */,
				E323AB092D04EB0200E5E726 /* PostgREST */,
				E323AB0B2D04EB0200E5E726 /* Realtime */,
				E323AB0D2D04EB0200E5E726 /* Storage */,
				E323AB0F2D04EB0200E5E726 /* Supabase */,
				E35634CB2D063D6600346031 /* GoogleSignIn */,
				E35634CD2D063D6600346031 /* GoogleSignInSwift */,
			);
			productName = "form-factor";
			productReference = E323AAC72D02CE7900E5E726 /* form-factor.app */;
			productType = "com.apple.product-type.application";
		};
		E323AAD62D02CE7B00E5E726 /* form-factorTests */ = {
			isa = PBXNativeTarget;
			buildConfigurationList = E323AAEE2D02CE7B00E5E726 /* Build configuration list for PBXNativeTarget "form-factorTests" */;
			buildPhases = (
				E323AAD32D02CE7B00E5E726 /* Sources */,
				E323AAD42D02CE7B00E5E726 /* Frameworks */,
				E323AAD52D02CE7B00E5E726 /* Resources */,
			);
			buildRules = (
			);
			dependencies = (
				E323AAD92D02CE7B00E5E726 /* PBXTargetDependency */,
			);
			name = "form-factorTests";
			packageProductDependencies = (
				E323AAF92D04EAE700E5E726 /* Auth */,
				E323AAFB2D04EAE700E5E726 /* Functions */,
				E323AAFD2D04EAE700E5E726 /* PostgREST */,
				E323AAFF2D04EAE700E5E726 /* Realtime */,
				E323AB012D04EAE700E5E726 /* Storage */,
				E323AB032D04EAE700E5E726 /* Supabase */,
				E3A980302DCDD5FC00119756 /* GoogleSignIn */,
				E3A980322DCDD5FC00119756 /* GoogleSignInSwift */,
			);
			productName = "form-factorTests";
			productReference = E323AAD72D02CE7B00E5E726 /* form-factorTests.xctest */;
			productType = "com.apple.product-type.bundle.unit-test";
		};
		E323AAE02D02CE7B00E5E726 /* form-factorUITests */ = {
			isa = PBXNativeTarget;
			buildConfigurationList = E323AAF12D02CE7B00E5E726 /* Build configuration list for PBXNativeTarget "form-factorUITests" */;
			buildPhases = (
				E323AADD2D02CE7B00E5E726 /* Sources */,
				E323AADE2D02CE7B00E5E726 /* Frameworks */,
				E323AADF2D02CE7B00E5E726 /* Resources */,
			);
			buildRules = (
			);
			dependencies = (
				E323AAE32D02CE7B00E5E726 /* PBXTargetDependency */,
			);
			name = "form-factorUITests";
			packageProductDependencies = (
				E323AB112D04EB0E00E5E726 /* Auth */,
				E323AB132D04EB0E00E5E726 /* Functions */,
				E323AB152D04EB0E00E5E726 /* PostgREST */,
				E323AB172D04EB0E00E5E726 /* Realtime */,
				E323AB192D04EB0E00E5E726 /* Storage */,
				E323AB1B2D04EB0E00E5E726 /* Supabase */,
			);
			productName = "form-factorUITests";
			productReference = E323AAE12D02CE7B00E5E726 /* form-factorUITests.xctest */;
			productType = "com.apple.product-type.bundle.ui-testing";
		};
/* End PBXNativeTarget section */

/* Begin PBXProject section */
		E323AABF2D02CE7900E5E726 /* Project object */ = {
			isa = PBXProject;
			attributes = {
				BuildIndependentTargetsInParallel = 1;
				LastSwiftUpdateCheck = 1620;
				LastUpgradeCheck = 1620;
				TargetAttributes = {
					E323AAC62D02CE7900E5E726 = {
						CreatedOnToolsVersion = 16.2;
					};
					E323AAD62D02CE7B00E5E726 = {
						CreatedOnToolsVersion = 16.2;
						TestTargetID = E323AAC62D02CE7900E5E726;
					};
					E323AAE02D02CE7B00E5E726 = {
						CreatedOnToolsVersion = 16.2;
						TestTargetID = E323AAC62D02CE7900E5E726;
					};
				};
			};
			buildConfigurationList = E323AAC22D02CE7900E5E726 /* Build configuration list for PBXProject "form-factor" */;
			developmentRegion = en;
			hasScannedForEncodings = 0;
			knownRegions = (
				en,
				Base,
				"es-419",
			);
			mainGroup = E323AABE2D02CE7900E5E726;
			minimizedProjectReferenceProxies = 1;
			packageReferences = (
				E323AAF72D04E9FA00E5E726 /* XCRemoteSwiftPackageReference "supabase-swift" */,
				E35634CA2D063D6600346031 /* XCRemoteSwiftPackageReference "GoogleSignIn-iOS" */,
			);
			preferredProjectObjectVersion = 77;
			productRefGroup = E323AAC82D02CE7900E5E726 /* Products */;
			projectDirPath = "";
			projectRoot = "";
			targets = (
				E323AAC62D02CE7900E5E726 /* form-factor */,
				E323AAD62D02CE7B00E5E726 /* form-factorTests */,
				E323AAE02D02CE7B00E5E726 /* form-factorUITests */,
			);
		};
/* End PBXProject section */

/* Begin PBXResourcesBuildPhase section */
		E323AAC52D02CE7900E5E726 /* Resources */ = {
			isa = PBXResourcesBuildPhase;
			buildActionMask = 2147483647;
			files = (
				E3959E412DCD8B3E00875D66 /* form-factor.xctestplan in Resources */,
			);
			runOnlyForDeploymentPostprocessing = 0;
		};
		E323AAD52D02CE7B00E5E726 /* Resources */ = {
			isa = PBXResourcesBuildPhase;
			buildActionMask = 2147483647;
			files = (
			);
			runOnlyForDeploymentPostprocessing = 0;
		};
		E323AADF2D02CE7B00E5E726 /* Resources */ = {
			isa = PBXResourcesBuildPhase;
			buildActionMask = 2147483647;
			files = (
			);
			runOnlyForDeploymentPostprocessing = 0;
		};
/* End PBXResourcesBuildPhase section */

/* Begin PBXShellScriptBuildPhase section */
		E3959DFF2DC9E8E600875D66 /* Run Script */ = {
			isa = PBXShellScriptBuildPhase;
			buildActionMask = 2147483647;
			files = (
			);
			inputFileListPaths = (
			);
			inputPaths = (
			);
			name = "Run Script";
			outputFileListPaths = (
			);
			outputPaths = (
			);
			runOnlyForDeploymentPostprocessing = 0;
			shellPath = /bin/sh;
			shellScript = "#!/usr/bin/env bash\n# point this at your Info.plist\nINFOPLIST=\"${SRCROOT}/form-factor/Info.plist\"\n\n# helper to add-or-set a plist key\nplist_set() {\n  local key=$1 value=$2\n  if /usr/libexec/PlistBuddy -c \"Print :$key\" \"$INFOPLIST\" &>/dev/null; then\n    /usr/libexec/PlistBuddy -c \"Set :$key \\\"$value\\\"\" \"$INFOPLIST\"\n  else\n    /usr/libexec/PlistBuddy -c \"Add :$key string \\\"$value\\\"\" \"$INFOPLIST\"\n  fi\n}\n\nplist_set \"NSHealthShareUsageDescription\"    \"We need to read your workouts and heart-rate data so you can see them in the dashboard.\"\nplist_set \"NSHealthUpdateUsageDescription\"   \"We need to write your logged workouts back to HealthKit.\"\n";
		};
/* End PBXShellScriptBuildPhase section */

/* Begin PBXSourcesBuildPhase section */
		E323AAC32D02CE7900E5E726 /* Sources */ = {
			isa = PBXSourcesBuildPhase;
			buildActionMask = 2147483647;
			files = (
			);
			runOnlyForDeploymentPostprocessing = 0;
		};
		E323AAD32D02CE7B00E5E726 /* Sources */ = {
			isa = PBXSourcesBuildPhase;
			buildActionMask = 2147483647;
			files = (
			);
			runOnlyForDeploymentPostprocessing = 0;
		};
		E323AADD2D02CE7B00E5E726 /* Sources */ = {
			isa = PBXSourcesBuildPhase;
			buildActionMask = 2147483647;
			files = (
			);
			runOnlyForDeploymentPostprocessing = 0;
		};
/* End PBXSourcesBuildPhase section */

/* Begin PBXTargetDependency section */
		E323AAD92D02CE7B00E5E726 /* PBXTargetDependency */ = {
			isa = PBXTargetDependency;
			target = E323AAC62D02CE7900E5E726 /* form-factor */;
			targetProxy = E323AAD82D02CE7B00E5E726 /* PBXContainerItemProxy */;
		};
		E323AAE32D02CE7B00E5E726 /* PBXTargetDependency */ = {
			isa = PBXTargetDependency;
			target = E323AAC62D02CE7900E5E726 /* form-factor */;
			targetProxy = E323AAE22D02CE7B00E5E726 /* PBXContainerItemProxy */;
		};
/* End PBXTargetDependency section */

/* Begin XCBuildConfiguration section */
		E323AAE92D02CE7B00E5E726 /* Debug */ = {
			isa = XCBuildConfiguration;
			buildSettings = {
				ALWAYS_SEARCH_USER_PATHS = NO;
				ASSETCATALOG_COMPILER_GENERATE_SWIFT_ASSET_SYMBOL_EXTENSIONS = YES;
				CLANG_ANALYZER_NONNULL = YES;
				CLANG_ANALYZER_NUMBER_OBJECT_CONVERSION = YES_AGGRESSIVE;
				CLANG_CXX_LANGUAGE_STANDARD = "gnu++20";
				CLANG_ENABLE_MODULES = YES;
				CLANG_ENABLE_OBJC_ARC = YES;
				CLANG_ENABLE_OBJC_WEAK = YES;
				CLANG_WARN_BLOCK_CAPTURE_AUTORELEASING = YES;
				CLANG_WARN_BOOL_CONVERSION = YES;
				CLANG_WARN_COMMA = YES;
				CLANG_WARN_CONSTANT_CONVERSION = YES;
				CLANG_WARN_DEPRECATED_OBJC_IMPLEMENTATIONS = YES;
				CLANG_WARN_DIRECT_OBJC_ISA_USAGE = YES_ERROR;
				CLANG_WARN_DOCUMENTATION_COMMENTS = YES;
				CLANG_WARN_EMPTY_BODY = YES;
				CLANG_WARN_ENUM_CONVERSION = YES;
				CLANG_WARN_INFINITE_RECURSION = YES;
				CLANG_WARN_INT_CONVERSION = YES;
				CLANG_WARN_NON_LITERAL_NULL_CONVERSION = YES;
				CLANG_WARN_OBJC_IMPLICIT_RETAIN_SELF = YES;
				CLANG_WARN_OBJC_LITERAL_CONVERSION = YES;
				CLANG_WARN_OBJC_ROOT_CLASS = YES_ERROR;
				CLANG_WARN_QUOTED_INCLUDE_IN_FRAMEWORK_HEADER = YES;
				CLANG_WARN_RANGE_LOOP_ANALYSIS = YES;
				CLANG_WARN_STRICT_PROTOTYPES = YES;
				CLANG_WARN_SUSPICIOUS_MOVE = YES;
				CLANG_WARN_UNGUARDED_AVAILABILITY = YES_AGGRESSIVE;
				CLANG_WARN_UNREACHABLE_CODE = YES;
				CLANG_WARN__DUPLICATE_METHOD_MATCH = YES;
				COPY_PHASE_STRIP = NO;
				DEBUG_INFORMATION_FORMAT = dwarf;
				ENABLE_STRICT_OBJC_MSGSEND = YES;
				ENABLE_TESTABILITY = YES;
				ENABLE_USER_SCRIPT_SANDBOXING = YES;
				GCC_C_LANGUAGE_STANDARD = gnu17;
				GCC_DYNAMIC_NO_PIC = NO;
				GCC_NO_COMMON_BLOCKS = YES;
				GCC_OPTIMIZATION_LEVEL = 0;
				GCC_PREPROCESSOR_DEFINITIONS = (
					"DEBUG=1",
					"$(inherited)",
				);
				GCC_WARN_64_TO_32_BIT_CONVERSION = YES;
				GCC_WARN_ABOUT_RETURN_TYPE = YES_ERROR;
				GCC_WARN_UNDECLARED_SELECTOR = YES;
				GCC_WARN_UNINITIALIZED_AUTOS = YES_AGGRESSIVE;
				GCC_WARN_UNUSED_FUNCTION = YES;
				GCC_WARN_UNUSED_VARIABLE = YES;
				INFOPLIST_KEY_WKRunsIndependentlyOfCompanionApp = YES;
				IPHONEOS_DEPLOYMENT_TARGET = 18.2;
				LOCALIZATION_PREFERS_STRING_CATALOGS = YES;
				MTL_ENABLE_DEBUG_INFO = INCLUDE_SOURCE;
				MTL_FAST_MATH = YES;
				NEW_SETTING = "";
				ONLY_ACTIVE_ARCH = YES;
				SDKROOT = iphoneos;
				SWIFT_ACTIVE_COMPILATION_CONDITIONS = "DEBUG $(inherited)";
				SWIFT_OPTIMIZATION_LEVEL = "-Onone";
			};
			name = Debug;
		};
		E323AAEA2D02CE7B00E5E726 /* Release */ = {
			isa = XCBuildConfiguration;
			buildSettings = {
				ALWAYS_SEARCH_USER_PATHS = NO;
				ASSETCATALOG_COMPILER_GENERATE_SWIFT_ASSET_SYMBOL_EXTENSIONS = YES;
				CLANG_ANALYZER_NONNULL = YES;
				CLANG_ANALYZER_NUMBER_OBJECT_CONVERSION = YES_AGGRESSIVE;
				CLANG_CXX_LANGUAGE_STANDARD = "gnu++20";
				CLANG_ENABLE_MODULES = YES;
				CLANG_ENABLE_OBJC_ARC = YES;
				CLANG_ENABLE_OBJC_WEAK = YES;
				CLANG_WARN_BLOCK_CAPTURE_AUTORELEASING = YES;
				CLANG_WARN_BOOL_CONVERSION = YES;
				CLANG_WARN_COMMA = YES;
				CLANG_WARN_CONSTANT_CONVERSION = YES;
				CLANG_WARN_DEPRECATED_OBJC_IMPLEMENTATIONS = YES;
				CLANG_WARN_DIRECT_OBJC_ISA_USAGE = YES_ERROR;
				CLANG_WARN_DOCUMENTATION_COMMENTS = YES;
				CLANG_WARN_EMPTY_BODY = YES;
				CLANG_WARN_ENUM_CONVERSION = YES;
				CLANG_WARN_INFINITE_RECURSION = YES;
				CLANG_WARN_INT_CONVERSION = YES;
				CLANG_WARN_NON_LITERAL_NULL_CONVERSION = YES;
				CLANG_WARN_OBJC_IMPLICIT_RETAIN_SELF = YES;
				CLANG_WARN_OBJC_LITERAL_CONVERSION = YES;
				CLANG_WARN_OBJC_ROOT_CLASS = YES_ERROR;
				CLANG_WARN_QUOTED_INCLUDE_IN_FRAMEWORK_HEADER = YES;
				CLANG_WARN_RANGE_LOOP_ANALYSIS = YES;
				CLANG_WARN_STRICT_PROTOTYPES = YES;
				CLANG_WARN_SUSPICIOUS_MOVE = YES;
				CLANG_WARN_UNGUARDED_AVAILABILITY = YES_AGGRESSIVE;
				CLANG_WARN_UNREACHABLE_CODE = YES;
				CLANG_WARN__DUPLICATE_METHOD_MATCH = YES;
				COPY_PHASE_STRIP = NO;
				DEBUG_INFORMATION_FORMAT = "dwarf-with-dsym";
				ENABLE_NS_ASSERTIONS = NO;
				ENABLE_STRICT_OBJC_MSGSEND = YES;
				ENABLE_USER_SCRIPT_SANDBOXING = YES;
				GCC_C_LANGUAGE_STANDARD = gnu17;
				GCC_NO_COMMON_BLOCKS = YES;
				GCC_WARN_64_TO_32_BIT_CONVERSION = YES;
				GCC_WARN_ABOUT_RETURN_TYPE = YES_ERROR;
				GCC_WARN_UNDECLARED_SELECTOR = YES;
				GCC_WARN_UNINITIALIZED_AUTOS = YES_AGGRESSIVE;
				GCC_WARN_UNUSED_FUNCTION = YES;
				GCC_WARN_UNUSED_VARIABLE = YES;
				INFOPLIST_KEY_WKRunsIndependentlyOfCompanionApp = YES;
				IPHONEOS_DEPLOYMENT_TARGET = 18.2;
				LOCALIZATION_PREFERS_STRING_CATALOGS = YES;
				MTL_ENABLE_DEBUG_INFO = NO;
				MTL_FAST_MATH = YES;
				NEW_SETTING = "";
				SDKROOT = iphoneos;
				SWIFT_COMPILATION_MODE = wholemodule;
				VALIDATE_PRODUCT = YES;
			};
			name = Release;
		};
		E323AAEC2D02CE7B00E5E726 /* Debug */ = {
			isa = XCBuildConfiguration;
			buildSettings = {
				ASSETCATALOG_COMPILER_APPICON_NAME = AppIcon;
				ASSETCATALOG_COMPILER_GLOBAL_ACCENT_COLOR_NAME = AccentColor;
				CODE_SIGN_ENTITLEMENTS = "form-factor/form-factor.entitlements";
				CODE_SIGN_STYLE = Automatic;
				CURRENT_PROJECT_VERSION = 1;
				DEVELOPMENT_ASSET_PATHS = "\"form-factor/Preview Content\"";
				DEVELOPMENT_TEAM = NCTLNFGC6G;
				ENABLE_PREVIEWS = YES;
				GENERATE_INFOPLIST_FILE = YES;
				INFOPLIST_FILE = "form-factor/Info.plist";
				INFOPLIST_KEY_CFBundleDisplayName = "";
				INFOPLIST_KEY_LSApplicationCategoryType = "public.app-category.healthcare-fitness";
				INFOPLIST_KEY_NSHealthShareUsageDescription = "We need to read your workouts and heart‐rate data so you can see them in the dashboard.";
				INFOPLIST_KEY_NSHealthUpdateUsageDescription = "We need to write your logged workouts back to HealthKit.";
				INFOPLIST_KEY_UIApplicationSceneManifest_Generation = YES;
				INFOPLIST_KEY_UIApplicationSupportsIndirectInputEvents = YES;
				INFOPLIST_KEY_UILaunchScreen_Generation = YES;
				INFOPLIST_KEY_UIStatusBarStyle = UIStatusBarStyleDarkContent;
				INFOPLIST_KEY_UISupportedInterfaceOrientations_iPad = "UIInterfaceOrientationPortrait UIInterfaceOrientationPortraitUpsideDown UIInterfaceOrientationLandscapeLeft UIInterfaceOrientationLandscapeRight";
				INFOPLIST_KEY_UISupportedInterfaceOrientations_iPhone = "UIInterfaceOrientationPortrait UIInterfaceOrientationLandscapeLeft UIInterfaceOrientationLandscapeRight";
				INFOPLIST_KEY_WKRunsIndependentlyOfCompanionApp = YES;
				LD_RUNPATH_SEARCH_PATHS = (
					"$(inherited)",
					"@executable_path/Frameworks",
				);
				MARKETING_VERSION = 1.0;
				PRODUCT_BUNDLE_IDENTIFIER = "kc.form-factor";
				PRODUCT_NAME = "$(TARGET_NAME)";
				SWIFT_EMIT_LOC_STRINGS = YES;
				SWIFT_VERSION = 5.0;
				TARGETED_DEVICE_FAMILY = "1,2";
			};
			name = Debug;
		};
		E323AAED2D02CE7B00E5E726 /* Release */ = {
			isa = XCBuildConfiguration;
			buildSettings = {
				ASSETCATALOG_COMPILER_APPICON_NAME = AppIcon;
				ASSETCATALOG_COMPILER_GLOBAL_ACCENT_COLOR_NAME = AccentColor;
				CODE_SIGN_ENTITLEMENTS = "form-factor/form-factor.entitlements";
				CODE_SIGN_STYLE = Automatic;
				CURRENT_PROJECT_VERSION = 1;
				DEVELOPMENT_ASSET_PATHS = "\"form-factor/Preview Content\"";
				DEVELOPMENT_TEAM = NCTLNFGC6G;
				ENABLE_PREVIEWS = YES;
				ENABLE_TESTABILITY = YES;
				GENERATE_INFOPLIST_FILE = YES;
				INFOPLIST_FILE = "form-factor/Info.plist";
				INFOPLIST_KEY_CFBundleDisplayName = "";
				INFOPLIST_KEY_LSApplicationCategoryType = "public.app-category.healthcare-fitness";
				INFOPLIST_KEY_NSHealthShareUsageDescription = "We need to read your workouts and heart‐rate data so you can see them in the dashboard.";
				INFOPLIST_KEY_NSHealthUpdateUsageDescription = "We need to write your logged workouts back to HealthKit.";
				INFOPLIST_KEY_UIApplicationSceneManifest_Generation = YES;
				INFOPLIST_KEY_UIApplicationSupportsIndirectInputEvents = YES;
				INFOPLIST_KEY_UILaunchScreen_Generation = YES;
				INFOPLIST_KEY_UIStatusBarStyle = UIStatusBarStyleDarkContent;
				INFOPLIST_KEY_UISupportedInterfaceOrientations_iPad = "UIInterfaceOrientationPortrait UIInterfaceOrientationPortraitUpsideDown UIInterfaceOrientationLandscapeLeft UIInterfaceOrientationLandscapeRight";
				INFOPLIST_KEY_UISupportedInterfaceOrientations_iPhone = "UIInterfaceOrientationPortrait UIInterfaceOrientationLandscapeLeft UIInterfaceOrientationLandscapeRight";
				INFOPLIST_KEY_WKRunsIndependentlyOfCompanionApp = YES;
				LD_RUNPATH_SEARCH_PATHS = (
					"$(inherited)",
					"@executable_path/Frameworks",
				);
				MARKETING_VERSION = 1.0;
				PRODUCT_BUNDLE_IDENTIFIER = "kc.form-factor";
				PRODUCT_NAME = "$(TARGET_NAME)";
				SWIFT_EMIT_LOC_STRINGS = YES;
				SWIFT_VERSION = 5.0;
				TARGETED_DEVICE_FAMILY = "1,2";
			};
			name = Release;
		};
		E323AAEF2D02CE7B00E5E726 /* Debug */ = {
			isa = XCBuildConfiguration;
			buildSettings = {
				CODE_SIGN_STYLE = Automatic;
				CURRENT_PROJECT_VERSION = 1;
				DEVELOPMENT_TEAM = NCTLNFGC6G;
				GENERATE_INFOPLIST_FILE = YES;
				IPHONEOS_DEPLOYMENT_TARGET = 18.2;
				MARKETING_VERSION = 1.0;
				PRODUCT_BUNDLE_IDENTIFIER = "kc.form-factorTests";
				PRODUCT_NAME = "$(TARGET_NAME)";
				SWIFT_EMIT_LOC_STRINGS = NO;
				SWIFT_VERSION = 5.0;
				TARGETED_DEVICE_FAMILY = "1,2";
				TEST_HOST = "$(BUILT_PRODUCTS_DIR)/form-factor.app/$(BUNDLE_EXECUTABLE_FOLDER_PATH)/form-factor";
			};
			name = Debug;
		};
		E323AAF02D02CE7B00E5E726 /* Release */ = {
			isa = XCBuildConfiguration;
			buildSettings = {
				CODE_SIGN_STYLE = Automatic;
				CURRENT_PROJECT_VERSION = 1;
				DEVELOPMENT_TEAM = NCTLNFGC6G;
				GENERATE_INFOPLIST_FILE = YES;
				IPHONEOS_DEPLOYMENT_TARGET = 18.2;
				MARKETING_VERSION = 1.0;
				PRODUCT_BUNDLE_IDENTIFIER = "kc.form-factorTests";
				PRODUCT_NAME = "$(TARGET_NAME)";
				SWIFT_EMIT_LOC_STRINGS = NO;
				SWIFT_VERSION = 5.0;
				TARGETED_DEVICE_FAMILY = "1,2";
				TEST_HOST = "$(BUILT_PRODUCTS_DIR)/form-factor.app/$(BUNDLE_EXECUTABLE_FOLDER_PATH)/form-factor";
			};
			name = Release;
		};
		E323AAF22D02CE7B00E5E726 /* Debug */ = {
			isa = XCBuildConfiguration;
			buildSettings = {
				CODE_SIGN_STYLE = Automatic;
				CURRENT_PROJECT_VERSION = 1;
				DEVELOPMENT_TEAM = NCTLNFGC6G;
				GENERATE_INFOPLIST_FILE = YES;
				MARKETING_VERSION = 1.0;
				PRODUCT_BUNDLE_IDENTIFIER = "kc.form-factorUITests";
				PRODUCT_NAME = "$(TARGET_NAME)";
				PROVISIONING_PROFILE = "";
				SWIFT_EMIT_LOC_STRINGS = NO;
				SWIFT_VERSION = 5.0;
				TARGETED_DEVICE_FAMILY = "1,2";
				TEST_TARGET_NAME = "form-factor";
			};
			name = Debug;
		};
		E323AAF32D02CE7B00E5E726 /* Release */ = {
			isa = XCBuildConfiguration;
			buildSettings = {
				CODE_SIGN_STYLE = Automatic;
				CURRENT_PROJECT_VERSION = 1;
				DEVELOPMENT_TEAM = NCTLNFGC6G;
				GENERATE_INFOPLIST_FILE = YES;
				MARKETING_VERSION = 1.0;
				PRODUCT_BUNDLE_IDENTIFIER = "kc.form-factorUITests";
				PRODUCT_NAME = "$(TARGET_NAME)";
				PROVISIONING_PROFILE = "";
				SWIFT_EMIT_LOC_STRINGS = NO;
				SWIFT_VERSION = 5.0;
				TARGETED_DEVICE_FAMILY = "1,2";
				TEST_TARGET_NAME = "form-factor";
			};
			name = Release;
		};
/* End XCBuildConfiguration section */

/* Begin XCConfigurationList section */
		E323AAC22D02CE7900E5E726 /* Build configuration list for PBXProject "form-factor" */ = {
			isa = XCConfigurationList;
			buildConfigurations = (
				E323AAE92D02CE7B00E5E726 /* Debug */,
				E323AAEA2D02CE7B00E5E726 /* Release */,
			);
			defaultConfigurationIsVisible = 0;
			defaultConfigurationName = Release;
		};
		E323AAEB2D02CE7B00E5E726 /* Build configuration list for PBXNativeTarget "form-factor" */ = {
			isa = XCConfigurationList;
			buildConfigurations = (
				E323AAEC2D02CE7B00E5E726 /* Debug */,
				E323AAED2D02CE7B00E5E726 /* Release */,
			);
			defaultConfigurationIsVisible = 0;
			defaultConfigurationName = Release;
		};
		E323AAEE2D02CE7B00E5E726 /* Build configuration list for PBXNativeTarget "form-factorTests" */ = {
			isa = XCConfigurationList;
			buildConfigurations = (
				E323AAEF2D02CE7B00E5E726 /* Debug */,
				E323AAF02D02CE7B00E5E726 /* Release */,
			);
			defaultConfigurationIsVisible = 0;
			defaultConfigurationName = Release;
		};
		E323AAF12D02CE7B00E5E726 /* Build configuration list for PBXNativeTarget "form-factorUITests" */ = {
			isa = XCConfigurationList;
			buildConfigurations = (
				E323AAF22D02CE7B00E5E726 /* Debug */,
				E323AAF32D02CE7B00E5E726 /* Release */,
			);
			defaultConfigurationIsVisible = 0;
			defaultConfigurationName = Release;
		};
/* End XCConfigurationList section */

/* Begin XCRemoteSwiftPackageReference section */
		E323AAF72D04E9FA00E5E726 /* XCRemoteSwiftPackageReference "supabase-swift" */ = {
			isa = XCRemoteSwiftPackageReference;
			repositoryURL = "https://github.com/supabase/supabase-swift";
			requirement = {
				kind = upToNextMajorVersion;
				minimumVersion = 2.5.1;
			};
		};
		E35634CA2D063D6600346031 /* XCRemoteSwiftPackageReference "GoogleSignIn-iOS" */ = {
			isa = XCRemoteSwiftPackageReference;
			repositoryURL = "https://github.com/google/GoogleSignIn-iOS";
			requirement = {
				kind = upToNextMajorVersion;
				minimumVersion = 8.0.0;
			};
		};
/* End XCRemoteSwiftPackageReference section */

/* Begin XCSwiftPackageProductDependency section */
		E323AAF92D04EAE700E5E726 /* Auth */ = {
			isa = XCSwiftPackageProductDependency;
			package = E323AAF72D04E9FA00E5E726 /* XCRemoteSwiftPackageReference "supabase-swift" */;
			productName = Auth;
		};
		E323AAFB2D04EAE700E5E726 /* Functions */ = {
			isa = XCSwiftPackageProductDependency;
			package = E323AAF72D04E9FA00E5E726 /* XCRemoteSwiftPackageReference "supabase-swift" */;
			productName = Functions;
		};
		E323AAFD2D04EAE700E5E726 /* PostgREST */ = {
			isa = XCSwiftPackageProductDependency;
			package = E323AAF72D04E9FA00E5E726 /* XCRemoteSwiftPackageReference "supabase-swift" */;
			productName = PostgREST;
		};
		E323AAFF2D04EAE700E5E726 /* Realtime */ = {
			isa = XCSwiftPackageProductDependency;
			package = E323AAF72D04E9FA00E5E726 /* XCRemoteSwiftPackageReference "supabase-swift" */;
			productName = Realtime;
		};
		E323AB012D04EAE700E5E726 /* Storage */ = {
			isa = XCSwiftPackageProductDependency;
			package = E323AAF72D04E9FA00E5E726 /* XCRemoteSwiftPackageReference "supabase-swift" */;
			productName = Storage;
		};
		E323AB032D04EAE700E5E726 /* Supabase */ = {
			isa = XCSwiftPackageProductDependency;
			package = E323AAF72D04E9FA00E5E726 /* XCRemoteSwiftPackageReference "supabase-swift" */;
			productName = Supabase;
		};
		E323AB052D04EB0200E5E726 /* Auth */ = {
			isa = XCSwiftPackageProductDependency;
			package = E323AAF72D04E9FA00E5E726 /* XCRemoteSwiftPackageReference "supabase-swift" */;
			productName = Auth;
		};
		E323AB072D04EB0200E5E726 /* Functions */ = {
			isa = XCSwiftPackageProductDependency;
			package = E323AAF72D04E9FA00E5E726 /* XCRemoteSwiftPackageReference "supabase-swift" */;
			productName = Functions;
		};
		E323AB092D04EB0200E5E726 /* PostgREST */ = {
			isa = XCSwiftPackageProductDependency;
			package = E323AAF72D04E9FA00E5E726 /* XCRemoteSwiftPackageReference "supabase-swift" */;
			productName = PostgREST;
		};
		E323AB0B2D04EB0200E5E726 /* Realtime */ = {
			isa = XCSwiftPackageProductDependency;
			package = E323AAF72D04E9FA00E5E726 /* XCRemoteSwiftPackageReference "supabase-swift" */;
			productName = Realtime;
		};
		E323AB0D2D04EB0200E5E726 /* Storage */ = {
			isa = XCSwiftPackageProductDependency;
			package = E323AAF72D04E9FA00E5E726 /* XCRemoteSwiftPackageReference "supabase-swift" */;
			productName = Storage;
		};
		E323AB0F2D04EB0200E5E726 /* Supabase */ = {
			isa = XCSwiftPackageProductDependency;
			package = E323AAF72D04E9FA00E5E726 /* XCRemoteSwiftPackageReference "supabase-swift" */;
			productName = Supabase;
		};
		E323AB112D04EB0E00E5E726 /* Auth */ = {
			isa = XCSwiftPackageProductDependency;
			package = E323AAF72D04E9FA00E5E726 /* XCRemoteSwiftPackageReference "supabase-swift" */;
			productName = Auth;
		};
		E323AB132D04EB0E00E5E726 /* Functions */ = {
			isa = XCSwiftPackageProductDependency;
			package = E323AAF72D04E9FA00E5E726 /* XCRemoteSwiftPackageReference "supabase-swift" */;
			productName = Functions;
		};
		E323AB152D04EB0E00E5E726 /* PostgREST */ = {
			isa = XCSwiftPackageProductDependency;
			package = E323AAF72D04E9FA00E5E726 /* XCRemoteSwiftPackageReference "supabase-swift" */;
			productName = PostgREST;
		};
		E323AB172D04EB0E00E5E726 /* Realtime */ = {
			isa = XCSwiftPackageProductDependency;
			package = E323AAF72D04E9FA00E5E726 /* XCRemoteSwiftPackageReference "supabase-swift" */;
			productName = Realtime;
		};
		E323AB192D04EB0E00E5E726 /* Storage */ = {
			isa = XCSwiftPackageProductDependency;
			package = E323AAF72D04E9FA00E5E726 /* XCRemoteSwiftPackageReference "supabase-swift" */;
			productName = Storage;
		};
		E323AB1B2D04EB0E00E5E726 /* Supabase */ = {
			isa = XCSwiftPackageProductDependency;
			package = E323AAF72D04E9FA00E5E726 /* XCRemoteSwiftPackageReference "supabase-swift" */;
			productName = Supabase;
		};
		E35634CB2D063D6600346031 /* GoogleSignIn */ = {
			isa = XCSwiftPackageProductDependency;
			package = E35634CA2D063D6600346031 /* XCRemoteSwiftPackageReference "GoogleSignIn-iOS" */;
			productName = GoogleSignIn;
		};
		E35634CD2D063D6600346031 /* GoogleSignInSwift */ = {
			isa = XCSwiftPackageProductDependency;
			package = E35634CA2D063D6600346031 /* XCRemoteSwiftPackageReference "GoogleSignIn-iOS" */;
			productName = GoogleSignInSwift;
		};
		E3A980302DCDD5FC00119756 /* GoogleSignIn */ = {
			isa = XCSwiftPackageProductDependency;
			package = E35634CA2D063D6600346031 /* XCRemoteSwiftPackageReference "GoogleSignIn-iOS" */;
			productName = GoogleSignIn;
		};
		E3A980322DCDD5FC00119756 /* GoogleSignInSwift */ = {
			isa = XCSwiftPackageProductDependency;
			package = E35634CA2D063D6600346031 /* XCRemoteSwiftPackageReference "GoogleSignIn-iOS" */;
			productName = GoogleSignInSwift;
		};
/* End XCSwiftPackageProductDependency section */
	};
	rootObject = E323AABF2D02CE7900E5E726 /* Project object */;
}
